
Microsoft Visual Studio Solution File, Format Version 12.00
# Visual Studio Version 17
VisualStudioVersion = 17.3.32929.385
MinimumVisualStudioVersion = 10.0.40219.1
Project("{FAE04EC0-301F-11D3-BF4B-00C04F79EFBC}") = "Task1", "Task1\Task1.csproj", "{A36DCB02-A798-4579-88C8-2BB2A2162F94}"
EndProject
Global
	GlobalSection(SolutionConfigurationPlatforms) = preSolution
		Debug|Any CPU = Debug|Any CPU
		Release|Any CPU = Release|Any CPU
	EndGlobalSection
	GlobalSection(ProjectConfigurationPlatforms) = postSolution
		{A36DCB02-A798-4579-88C8-2BB2A2162F94}.Debug|Any CPU.ActiveCfg = Debug|Any CPU
		{A36DCB02-A798-4579-88C8-2BB2A2162F94}.Debug|Any CPU.Build.0 = Debug|Any CPU
		{A36DCB02-A798-4579-88C8-2BB2A2162F94}.Release|Any CPU.ActiveCfg = Release|Any CPU
		{A36DCB02-A798-4579-88C8-2BB2A2162F94}.Release|Any CPU.Build.0 = Release|Any CPU
	EndGlobalSection
	GlobalSection(SolutionProperties) = preSolution
		HideSolutionNode = FALSE
	EndGlobalSection
	GlobalSection(ExtensibilityGlobals) = postSolution
		SolutionGuid = {CD50775D-66DE-426A-ACA7-0A906A219D24}
	EndGlobalSection
EndGlobal
